// !$*UTF8*$!
{
	archiveVersion = 1;
	classes = {
	};
	objectVersion = 42;
	objects = {

/* Begin PBXBuildFile section */
		8B450D400D35BF1600B9CA4B /* NSImage+IconData.m in Sources */ = {isa = PBXBuildFile; fileRef = 8B450D3E0D35BF1600B9CA4B /* NSImage+IconData.m */; };
		8B450D670D35BFDE00B9CA4B /* Accelerate.framework in Frameworks */ = {isa = PBXBuildFile; fileRef = 8B450D660D35BFDE00B9CA4B /* Accelerate.framework */; };
		8B6C6D2F0D470D48006551C1 /* ReadMe.html in CopyFiles */ = {isa = PBXBuildFile; fileRef = 8B6C6D2E0D470D46006551C1 /* ReadMe.html */; };
		8B6E131A0D37CA6C005AAFD0 /* NSError+POSIX.m in Sources */ = {isa = PBXBuildFile; fileRef = 8B6E13190D37CA6C005AAFD0 /* NSError+POSIX.m */; };
		8B6E131F0D37CB33005AAFD0 /* GTMAXUIElement.m in Sources */ = {isa = PBXBuildFile; fileRef = 8B6E131E0D37CB33005AAFD0 /* GTMAXUIElement.m */; };
		8BB159590D119FE2006781B8 /* command_main.c in Sources */ = {isa = PBXBuildFile; fileRef = 8BB159580D119FE2006781B8 /* command_main.c */; };
		8BB15D6F0D12E1C2006781B8 /* AccessibilityFSApp.icns in Resources */ = {isa = PBXBuildFile; fileRef = 8BB15D6D0D12E1C2006781B8 /* AccessibilityFSApp.icns */; };
		8BB15D700D12E1C2006781B8 /* AccessibilityFSMount.icns in Resources */ = {isa = PBXBuildFile; fileRef = 8BB15D6E0D12E1C2006781B8 /* AccessibilityFSMount.icns */; };
		8BC3D96C0D10EB2900B4829F /* AccessibilityFS.m in Sources */ = {isa = PBXBuildFile; fileRef = 8BC3D96B0D10EB2900B4829F /* AccessibilityFS.m */; };
		8BCFD5930D3459E1003A33F4 /* MacFUSE.framework in Frameworks */ = {isa = PBXBuildFile; fileRef = 8BCFD5920D3459E1003A33F4 /* MacFUSE.framework */; };
		8BCFD5C80D351907003A33F4 /* AccessibilityController.m in Sources */ = {isa = PBXBuildFile; fileRef = 8BCFD5C60D351907003A33F4 /* AccessibilityController.m */; };
		8D11072A0486CEB800E47090 /* MainMenu.nib in Resources */ = {isa = PBXBuildFile; fileRef = 29B97318FDCFA39411CA2CEA /* MainMenu.nib */; };
		8D11072B0486CEB800E47090 /* InfoPlist.strings in Resources */ = {isa = PBXBuildFile; fileRef = 089C165CFE840E0CC02AAC07 /* InfoPlist.strings */; };
		8D11072F0486CEB800E47090 /* Cocoa.framework in Frameworks */ = {isa = PBXBuildFile; fileRef = 1058C7A1FEA54F0111CA2CBB /* Cocoa.framework */; };
		F9CEEF7E0B617DCE0044EAA6 /* main.m in Sources */ = {isa = PBXBuildFile; fileRef = F9CEEF7D0B617DCE0044EAA6 /* main.m */; };
		F9CEF0D30B61A0420044EAA6 /* DiskArbitration.framework in Frameworks */ = {isa = PBXBuildFile; fileRef = F9CEF0D20B61A0420044EAA6 /* DiskArbitration.framework */; };
		F9CEF0EA0B61A0E40044EAA6 /* Carbon.framework in Frameworks */ = {isa = PBXBuildFile; fileRef = F9CEF0E90B61A0E40044EAA6 /* Carbon.framework */; };
/* End PBXBuildFile section */

/* Begin PBXContainerItemProxy section */
		8B883D390D134CDC00A9E84F /* PBXContainerItemProxy */ = {
			isa = PBXContainerItemProxy;
			containerPortal = 29B97313FDCFA39411CA2CEA /* Project object */;
			proxyType = 1;
			remoteGlobalIDString = 8BB159500D119FA6006781B8;
			remoteInfo = ax_command;
		};
/* End PBXContainerItemProxy section */

/* Begin PBXCopyFilesBuildPhase section */
		8B93C4B00D3C6C9C00466F25 /* CopyFiles */ = {
			isa = PBXCopyFilesBuildPhase;
			buildActionMask = 2147483647;
			dstPath = "";
			dstSubfolderSpec = 16;
			files = (
				8B6C6D2F0D470D48006551C1 /* ReadMe.html in CopyFiles */,
			);
			runOnlyForDeploymentPostprocessing = 0;
		};
/* End PBXCopyFilesBuildPhase section */

/* Begin PBXFileReference section */
		089C165DFE840E0CC02AAC07 /* English */ = {isa = PBXFileReference; fileEncoding = 10; lastKnownFileType = text.plist.strings; name = English; path = English.lproj/InfoPlist.strings; sourceTree = "<group>"; };
		1058C7A1FEA54F0111CA2CBB /* Cocoa.framework */ = {isa = PBXFileReference; lastKnownFileType = wrapper.framework; name = Cocoa.framework; path = /System/Library/Frameworks/Cocoa.framework; sourceTree = "<absolute>"; };
		13E42FB307B3F0F600E4EEF1 /* CoreData.framework */ = {isa = PBXFileReference; lastKnownFileType = wrapper.framework; name = CoreData.framework; path = /System/Library/Frameworks/CoreData.framework; sourceTree = "<absolute>"; };
		29B97319FDCFA39411CA2CEA /* English */ = {isa = PBXFileReference; lastKnownFileType = wrapper.nib; name = English; path = English.lproj/MainMenu.nib; sourceTree = "<group>"; };
		29B97324FDCFA39411CA2CEA /* AppKit.framework */ = {isa = PBXFileReference; lastKnownFileType = wrapper.framework; name = AppKit.framework; path = /System/Library/Frameworks/AppKit.framework; sourceTree = "<absolute>"; };
		29B97325FDCFA39411CA2CEA /* Foundation.framework */ = {isa = PBXFileReference; lastKnownFileType = wrapper.framework; name = Foundation.framework; path = /System/Library/Frameworks/Foundation.framework; sourceTree = "<absolute>"; };
		8B450D3E0D35BF1600B9CA4B /* NSImage+IconData.m */ = {isa = PBXFileReference; fileEncoding = 4; lastKnownFileType = sourcecode.c.objc; name = "NSImage+IconData.m"; path = "../Support/NSImage+IconData.m"; sourceTree = SOURCE_ROOT; };
		8B450D3F0D35BF1600B9CA4B /* NSImage+IconData.h */ = {isa = PBXFileReference; fileEncoding = 4; lastKnownFileType = sourcecode.c.h; name = "NSImage+IconData.h"; path = "../Support/NSImage+IconData.h"; sourceTree = SOURCE_ROOT; };
		8B450D660D35BFDE00B9CA4B /* Accelerate.framework */ = {isa = PBXFileReference; lastKnownFileType = wrapper.framework; name = Accelerate.framework; path = /System/Library/Frameworks/Accelerate.framework; sourceTree = "<absolute>"; };
		8B6C6D2E0D470D46006551C1 /* ReadMe.html */ = {isa = PBXFileReference; fileEncoding = 4; lastKnownFileType = text.html; path = ReadMe.html; sourceTree = "<group>"; };
		8B6E13180D37CA6C005AAFD0 /* NSError+POSIX.h */ = {isa = PBXFileReference; fileEncoding = 4; lastKnownFileType = sourcecode.c.h; name = "NSError+POSIX.h"; path = "../Support/NSError+POSIX.h"; sourceTree = SOURCE_ROOT; };
		8B6E13190D37CA6C005AAFD0 /* NSError+POSIX.m */ = {isa = PBXFileReference; fileEncoding = 4; lastKnownFileType = sourcecode.c.objc; name = "NSError+POSIX.m"; path = "../Support/NSError+POSIX.m"; sourceTree = SOURCE_ROOT; };
		8B6E131D0D37CB33005AAFD0 /* GTMAXUIElement.h */ = {isa = PBXFileReference; fileEncoding = 4; lastKnownFileType = sourcecode.c.h; name = GTMAXUIElement.h; path = Toolbox/GTMAXUIElement.h; sourceTree = "<group>"; };
		8B6E131E0D37CB33005AAFD0 /* GTMAXUIElement.m */ = {isa = PBXFileReference; fileEncoding = 4; lastKnownFileType = sourcecode.c.objc; name = GTMAXUIElement.m; path = Toolbox/GTMAXUIElement.m; sourceTree = "<group>"; };
		8BB159510D119FA6006781B8 /* ax_command */ = {isa = PBXFileReference; explicitFileType = "compiled.mach-o.executable"; includeInIndex = 0; path = ax_command; sourceTree = BUILT_PRODUCTS_DIR; };
		8BB159580D119FE2006781B8 /* command_main.c */ = {isa = PBXFileReference; fileEncoding = 4; lastKnownFileType = sourcecode.c.c; path = command_main.c; sourceTree = "<group>"; };
		8BB15D6D0D12E1C2006781B8 /* AccessibilityFSApp.icns */ = {isa = PBXFileReference; lastKnownFileType = image.icns; path = AccessibilityFSApp.icns; sourceTree = "<group>"; };
		8BB15D6E0D12E1C2006781B8 /* AccessibilityFSMount.icns */ = {isa = PBXFileReference; lastKnownFileType = image.icns; path = AccessibilityFSMount.icns; sourceTree = "<group>"; };
		8BC3D9690D10EB1E00B4829F /* AccessibilityFS_Prefix.pch */ = {isa = PBXFileReference; fileEncoding = 4; lastKnownFileType = sourcecode.c.h; path = AccessibilityFS_Prefix.pch; sourceTree = "<group>"; };
		8BC3D96A0D10EB2900B4829F /* AccessibilityFS.h */ = {isa = PBXFileReference; fileEncoding = 4; lastKnownFileType = sourcecode.c.h; path = AccessibilityFS.h; sourceTree = "<group>"; };
		8BC3D96B0D10EB2900B4829F /* AccessibilityFS.m */ = {isa = PBXFileReference; fileEncoding = 4; lastKnownFileType = sourcecode.c.objc; path = AccessibilityFS.m; sourceTree = "<group>"; };
		8BCFD5920D3459E1003A33F4 /* MacFUSE.framework */ = {isa = PBXFileReference; lastKnownFileType = wrapper.framework; name = MacFUSE.framework; path = /Library/Frameworks/MacFUSE.framework; sourceTree = "<absolute>"; };
		8BCFD5C60D351907003A33F4 /* AccessibilityController.m */ = {isa = PBXFileReference; fileEncoding = 4; lastKnownFileType = sourcecode.c.objc; path = AccessibilityController.m; sourceTree = "<group>"; };
		8BCFD5C70D351907003A33F4 /* AccessibilityController.h */ = {isa = PBXFileReference; fileEncoding = 4; lastKnownFileType = sourcecode.c.h; path = AccessibilityController.h; sourceTree = "<group>"; };
		8D1107310486CEB800E47090 /* Info.plist */ = {isa = PBXFileReference; fileEncoding = 4; lastKnownFileType = text.plist; path = Info.plist; sourceTree = "<group>"; };
		8D1107320486CEB800E47090 /* AccessibilityFS.app */ = {isa = PBXFileReference; explicitFileType = wrapper.application; includeInIndex = 0; path = AccessibilityFS.app; sourceTree = BUILT_PRODUCTS_DIR; };
		F9CEEF7D0B617DCE0044EAA6 /* main.m */ = {isa = PBXFileReference; fileEncoding = 30; lastKnownFileType = sourcecode.c.objc; path = main.m; sourceTree = "<group>"; };
		F9CEF0D20B61A0420044EAA6 /* DiskArbitration.framework */ = {isa = PBXFileReference; lastKnownFileType = wrapper.framework; name = DiskArbitration.framework; path = /System/Library/Frameworks/DiskArbitration.framework; sourceTree = "<absolute>"; };
		F9CEF0E90B61A0E40044EAA6 /* Carbon.framework */ = {isa = PBXFileReference; lastKnownFileType = wrapper.framework; name = Carbon.framework; path = /System/Library/Frameworks/Carbon.framework; sourceTree = "<absolute>"; };
/* End PBXFileReference section */

/* Begin PBXFrameworksBuildPhase section */
		8BB1594F0D119FA6006781B8 /* Frameworks */ = {
			isa = PBXFrameworksBuildPhase;
			buildActionMask = 2147483647;
			files = (
			);
			runOnlyForDeploymentPostprocessing = 0;
		};
		8D11072E0486CEB800E47090 /* Frameworks */ = {
			isa = PBXFrameworksBuildPhase;
			buildActionMask = 2147483647;
			files = (
				8D11072F0486CEB800E47090 /* Cocoa.framework in Frameworks */,
				F9CEF0D30B61A0420044EAA6 /* DiskArbitration.framework in Frameworks */,
				F9CEF0EA0B61A0E40044EAA6 /* Carbon.framework in Frameworks */,
				8BCFD5930D3459E1003A33F4 /* MacFUSE.framework in Frameworks */,
				8B450D670D35BFDE00B9CA4B /* Accelerate.framework in Frameworks */,
			);
			runOnlyForDeploymentPostprocessing = 0;
		};
/* End PBXFrameworksBuildPhase section */

/* Begin PBXGroup section */
		1058C7A0FEA54F0111CA2CBB /* Linked Frameworks */ = {
			isa = PBXGroup;
			children = (
				1058C7A1FEA54F0111CA2CBB /* Cocoa.framework */,
			);
			name = "Linked Frameworks";
			sourceTree = "<group>";
		};
		1058C7A2FEA54F0111CA2CBB /* Other Frameworks */ = {
			isa = PBXGroup;
			children = (
				8B450D660D35BFDE00B9CA4B /* Accelerate.framework */,
				8BCFD5920D3459E1003A33F4 /* MacFUSE.framework */,
				F9CEF0E90B61A0E40044EAA6 /* Carbon.framework */,
				F9CEF0D20B61A0420044EAA6 /* DiskArbitration.framework */,
				29B97324FDCFA39411CA2CEA /* AppKit.framework */,
				13E42FB307B3F0F600E4EEF1 /* CoreData.framework */,
				29B97325FDCFA39411CA2CEA /* Foundation.framework */,
			);
			name = "Other Frameworks";
			sourceTree = "<group>";
		};
		19C28FACFE9D520D11CA2CBB /* Products */ = {
			isa = PBXGroup;
			children = (
				8D1107320486CEB800E47090 /* AccessibilityFS.app */,
				8BB159510D119FA6006781B8 /* ax_command */,
			);
			name = Products;
			sourceTree = "<group>";
		};
		29B97314FDCFA39411CA2CEA /* SpotlightFS */ = {
			isa = PBXGroup;
			children = (
				8BC3D9690D10EB1E00B4829F /* AccessibilityFS_Prefix.pch */,
				8B6C6D2E0D470D46006551C1 /* ReadMe.html */,
				F9CEEF7C0B617DB00044EAA6 /* Source */,
				8B93C49F0D3C636600466F25 /* Toolbox */,
				8B93C4A00D3C637B00466F25 /* Support */,
				29B97317FDCFA39411CA2CEA /* Resources */,
				29B97323FDCFA39411CA2CEA /* Frameworks */,
				19C28FACFE9D520D11CA2CBB /* Products */,
			);
			name = SpotlightFS;
			sourceTree = "<group>";
		};
		29B97317FDCFA39411CA2CEA /* Resources */ = {
			isa = PBXGroup;
			children = (
				8BB15D6D0D12E1C2006781B8 /* AccessibilityFSApp.icns */,
				8BB15D6E0D12E1C2006781B8 /* AccessibilityFSMount.icns */,
				8D1107310486CEB800E47090 /* Info.plist */,
				089C165CFE840E0CC02AAC07 /* InfoPlist.strings */,
				29B97318FDCFA39411CA2CEA /* MainMenu.nib */,
			);
			path = Resources;
			sourceTree = "<group>";
		};
		29B97323FDCFA39411CA2CEA /* Frameworks */ = {
			isa = PBXGroup;
			children = (
				1058C7A0FEA54F0111CA2CBB /* Linked Frameworks */,
				1058C7A2FEA54F0111CA2CBB /* Other Frameworks */,
			);
			name = Frameworks;
			sourceTree = "<group>";
		};
		8B93C49F0D3C636600466F25 /* Toolbox */ = {
			isa = PBXGroup;
			children = (
				8B6E131D0D37CB33005AAFD0 /* GTMAXUIElement.h */,
				8B6E131E0D37CB33005AAFD0 /* GTMAXUIElement.m */,
			);
			name = Toolbox;
			sourceTree = "<group>";
		};
		8B93C4A00D3C637B00466F25 /* Support */ = {
			isa = PBXGroup;
			children = (
				8B6E13180D37CA6C005AAFD0 /* NSError+POSIX.h */,
				8B6E13190D37CA6C005AAFD0 /* NSError+POSIX.m */,
				8B450D3E0D35BF1600B9CA4B /* NSImage+IconData.m */,
				8B450D3F0D35BF1600B9CA4B /* NSImage+IconData.h */,
			);
			name = Support;
			sourceTree = "<group>";
		};
		F9CEEF7C0B617DB00044EAA6 /* Source */ = {
			isa = PBXGroup;
			children = (
				8BC3D96A0D10EB2900B4829F /* AccessibilityFS.h */,
				8BC3D96B0D10EB2900B4829F /* AccessibilityFS.m */,
				8BCFD5C60D351907003A33F4 /* AccessibilityController.m */,
				8BCFD5C70D351907003A33F4 /* AccessibilityController.h */,
				F9CEEF7D0B617DCE0044EAA6 /* main.m */,
				8BB159580D119FE2006781B8 /* command_main.c */,
			);
			path = Source;
			sourceTree = "<group>";
		};
/* End PBXGroup section */

/* Begin PBXNativeTarget section */
		8BB159500D119FA6006781B8 /* ax_command */ = {
			isa = PBXNativeTarget;
			buildConfigurationList = 8BB159560D119FCF006781B8 /* Build configuration list for PBXNativeTarget "ax_command" */;
			buildPhases = (
				8BB1594E0D119FA6006781B8 /* Sources */,
				8BB1594F0D119FA6006781B8 /* Frameworks */,
			);
			buildRules = (
			);
			dependencies = (
			);
			name = ax_command;
			productName = press;
			productReference = 8BB159510D119FA6006781B8 /* ax_command */;
			productType = "com.apple.product-type.tool";
		};
		8D1107260486CEB800E47090 /* AccessibilityFS */ = {
			isa = PBXNativeTarget;
			buildConfigurationList = C01FCF4A08A954540054247B /* Build configuration list for PBXNativeTarget "AccessibilityFS" */;
			buildPhases = (
				8D1107290486CEB800E47090 /* Resources */,
				8D11072C0486CEB800E47090 /* Sources */,
				8D11072E0486CEB800E47090 /* Frameworks */,
				8B93C4B00D3C6C9C00466F25 /* CopyFiles */,
			);
			buildRules = (
			);
			dependencies = (
				8B883D3A0D134CDC00A9E84F /* PBXTargetDependency */,
			);
			name = AccessibilityFS;
			productInstallPath = "$(HOME)/Applications";
			productName = SpotlightFS;
			productReference = 8D1107320486CEB800E47090 /* AccessibilityFS.app */;
			productType = "com.apple.product-type.application";
		};
/* End PBXNativeTarget section */

/* Begin PBXProject section */
		29B97313FDCFA39411CA2CEA /* Project object */ = {
			isa = PBXProject;
			buildConfigurationList = C01FCF4E08A954540054247B /* Build configuration list for PBXProject "AccessibilityFS" */;
			compatibilityVersion = "Xcode 2.4";
			hasScannedForEncodings = 1;
			mainGroup = 29B97314FDCFA39411CA2CEA /* SpotlightFS */;
			projectDirPath = "";
			projectRoot = "";
			targets = (
				8D1107260486CEB800E47090 /* AccessibilityFS */,
				8BB159500D119FA6006781B8 /* ax_command */,
			);
		};
/* End PBXProject section */

/* Begin PBXResourcesBuildPhase section */
		8D1107290486CEB800E47090 /* Resources */ = {
			isa = PBXResourcesBuildPhase;
			buildActionMask = 2147483647;
			files = (
				8D11072A0486CEB800E47090 /* MainMenu.nib in Resources */,
				8D11072B0486CEB800E47090 /* InfoPlist.strings in Resources */,
				8BB15D6F0D12E1C2006781B8 /* AccessibilityFSApp.icns in Resources */,
				8BB15D700D12E1C2006781B8 /* AccessibilityFSMount.icns in Resources */,
			);
			runOnlyForDeploymentPostprocessing = 0;
		};
/* End PBXResourcesBuildPhase section */

/* Begin PBXSourcesBuildPhase section */
		8BB1594E0D119FA6006781B8 /* Sources */ = {
			isa = PBXSourcesBuildPhase;
			buildActionMask = 2147483647;
			files = (
				8BB159590D119FE2006781B8 /* command_main.c in Sources */,
			);
			runOnlyForDeploymentPostprocessing = 0;
		};
		8D11072C0486CEB800E47090 /* Sources */ = {
			isa = PBXSourcesBuildPhase;
			buildActionMask = 2147483647;
			files = (
				F9CEEF7E0B617DCE0044EAA6 /* main.m in Sources */,
				8BC3D96C0D10EB2900B4829F /* AccessibilityFS.m in Sources */,
				8BCFD5C80D351907003A33F4 /* AccessibilityController.m in Sources */,
				8B450D400D35BF1600B9CA4B /* NSImage+IconData.m in Sources */,
				8B6E131A0D37CA6C005AAFD0 /* NSError+POSIX.m in Sources */,
				8B6E131F0D37CB33005AAFD0 /* GTMAXUIElement.m in Sources */,
			);
			runOnlyForDeploymentPostprocessing = 0;
		};
/* End PBXSourcesBuildPhase section */

/* Begin PBXTargetDependency section */
		8B883D3A0D134CDC00A9E84F /* PBXTargetDependency */ = {
			isa = PBXTargetDependency;
			target = 8BB159500D119FA6006781B8 /* ax_command */;
			targetProxy = 8B883D390D134CDC00A9E84F /* PBXContainerItemProxy */;
		};
/* End PBXTargetDependency section */

/* Begin PBXVariantGroup section */
		089C165CFE840E0CC02AAC07 /* InfoPlist.strings */ = {
			isa = PBXVariantGroup;
			children = (
				089C165DFE840E0CC02AAC07 /* English */,
			);
			name = InfoPlist.strings;
			sourceTree = "<group>";
		};
		29B97318FDCFA39411CA2CEA /* MainMenu.nib */ = {
			isa = PBXVariantGroup;
			children = (
				29B97319FDCFA39411CA2CEA /* English */,
			);
			name = MainMenu.nib;
			sourceTree = "<group>";
		};
/* End PBXVariantGroup section */

/* Begin XCBuildConfiguration section */
		8BB159530D119FA6006781B8 /* Debug */ = {
			isa = XCBuildConfiguration;
			buildSettings = {
				OTHER_CFLAGS = "-D_FILE_OFFSET_BITS=64";
				PRODUCT_NAME = ax_command;
			};
			name = Debug;
		};
		8BB159540D119FA6006781B8 /* Release */ = {
			isa = XCBuildConfiguration;
			buildSettings = {
				OTHER_CFLAGS = "-D_FILE_OFFSET_BITS=64";
				PRODUCT_NAME = ax_command;
			};
			name = Release;
		};
		C01FCF4B08A954540054247B /* Debug */ = {
			isa = XCBuildConfiguration;
			buildSettings = {
				GCC_OPTIMIZATION_LEVEL = 0;
				INFOPLIST_FILE = Resources/Info.plist;
				LIBRARY_SEARCH_PATHS = /usr/local/lib;
				PRODUCT_NAME = AccessibilityFS;
				WRAPPER_EXTENSION = app;
			};
			name = Debug;
		};
		C01FCF4C08A954540054247B /* Release */ = {
			isa = XCBuildConfiguration;
			buildSettings = {
				ARCHS = (
					ppc,
					i386,
				);
				GCC_GENERATE_DEBUGGING_SYMBOLS = NO;
				INFOPLIST_FILE = Resources/Info.plist;
				LIBRARY_SEARCH_PATHS = /usr/local/lib;
				PRODUCT_NAME = AccessibilityFS;
				WRAPPER_EXTENSION = app;
			};
			name = Release;
		};
		C01FCF4F08A954540054247B /* Debug */ = {
			isa = XCBuildConfiguration;
			buildSettings = {
				GCC_C_LANGUAGE_STANDARD = c99;
				GCC_ENABLE_OBJC_EXCEPTIONS = YES;
				GCC_WARN_ABOUT_RETURN_TYPE = YES;
				GCC_WARN_UNUSED_VARIABLE = YES;
				PREBINDING = NO;
				SDKROOT = /Developer/SDKs/MacOSX10.4u.sdk;
			};
			name = Debug;
		};
		C01FCF5008A954540054247B /* Release */ = {
			isa = XCBuildConfiguration;
			buildSettings = {
				ARCHS = (
					i386,
					ppc,
				);
				GCC_C_LANGUAGE_STANDARD = c99;
				GCC_ENABLE_OBJC_EXCEPTIONS = YES;
				GCC_WARN_ABOUT_RETURN_TYPE = YES;
				GCC_WARN_UNUSED_VARIABLE = YES;
				PREBINDING = NO;
				SDKROOT = /Developer/SDKs/MacOSX10.4u.sdk;
			};
			name = Release;
		};
/* End XCBuildConfiguration section */

/* Begin XCConfigurationList section */
		8BB159560D119FCF006781B8 /* Build configuration list for PBXNativeTarget "ax_command" */ = {
			isa = XCConfigurationList;
			buildConfigurations = (
				8BB159530D119FA6006781B8 /* Debug */,
				8BB159540D119FA6006781B8 /* Release */,
			);
			defaultConfigurationIsVisible = 0;
			defaultConfigurationName = Release;
		};
		C01FCF4A08A954540054247B /* Build configuration list for PBXNativeTarget "AccessibilityFS" */ = {
			isa = XCConfigurationList;
			buildConfigurations = (
				C01FCF4B08A954540054247B /* Debug */,
				C01FCF4C08A954540054247B /* Release */,
			);
			defaultConfigurationIsVisible = 0;
			defaultConfigurationName = Release;
		};
		C01FCF4E08A954540054247B /* Build configuration list for PBXProject "AccessibilityFS" */ = {
			isa = XCConfigurationList;
			buildConfigurations = (
				C01FCF4F08A954540054247B /* Debug */,
				C01FCF5008A954540054247B /* Release */,
			);
			defaultConfigurationIsVisible = 0;
			defaultConfigurationName = Release;
		};
/* End XCConfigurationList section */
	};
	rootObject = 29B97313FDCFA39411CA2CEA /* Project object */;
}
