// !$*UTF8*$!
{
	archiveVersion = 1;
	classes = {
	};
	objectVersion = 42;
	objects = {

/* Begin PBXBuildFile section */
		32A4FEBC0562C75700D090E7 /* InfoPlist.strings in Resources */ = {isa = PBXBuildFile; fileRef = 089C167DFE841241C02AAC07 /* InfoPlist.strings */; };
		32A4FEBE0562C75700D090E7 /* fuse_main.c in Sources */ = {isa = PBXBuildFile; fileRef = 1A224C3CFF42312311CA2CB7 /* fuse_main.c */; settings = {ATTRIBUTES = (); }; };
		54008CFE0B2F734700F90F14 /* fuse_version.h in Headers */ = {isa = PBXBuildFile; fileRef = 54008CFD0B2F734700F90F14 /* fuse_version.h */; };
		5403C7950ACA636A00CD9322 /* fuse_kernel.h in Headers */ = {isa = PBXBuildFile; fileRef = 5403C7940ACA636A00CD9322 /* fuse_kernel.h */; };
		5403C7990ACA640B00CD9322 /* fuse_nodehash.c in Sources */ = {isa = PBXBuildFile; fileRef = 5403C7980ACA640B00CD9322 /* fuse_nodehash.c */; };
		5403C79B0ACA641900CD9322 /* fuse_nodehash.h in Headers */ = {isa = PBXBuildFile; fileRef = 5403C79A0ACA641900CD9322 /* fuse_nodehash.h */; };
		5403C7AB0ACA679D00CD9322 /* fuse_device.c in Sources */ = {isa = PBXBuildFile; fileRef = 5403C7AA0ACA679D00CD9322 /* fuse_device.c */; };
		5403C7AD0ACA711100CD9322 /* fuse_device.h in Headers */ = {isa = PBXBuildFile; fileRef = 5403C7AC0ACA711100CD9322 /* fuse_device.h */; };
		5403C7AF0ACA711B00CD9322 /* fuse.h in Headers */ = {isa = PBXBuildFile; fileRef = 5403C7AE0ACA711B00CD9322 /* fuse.h */; };
		5403C7B20ACA85EC00CD9322 /* fuse_ipc.c in Sources */ = {isa = PBXBuildFile; fileRef = 5403C7B00ACA85EC00CD9322 /* fuse_ipc.c */; };
		5403C7B30ACA85EC00CD9322 /* fuse_ipc.h in Headers */ = {isa = PBXBuildFile; fileRef = 5403C7B10ACA85EC00CD9322 /* fuse_ipc.h */; };
		5403C7C30ACA8F5C00CD9322 /* fuse_node.h in Headers */ = {isa = PBXBuildFile; fileRef = 5403C7C20ACA8F5C00CD9322 /* fuse_node.h */; };
		5403C7D50ACA949D00CD9322 /* fuse_file.h in Headers */ = {isa = PBXBuildFile; fileRef = 5403C7D10ACA949D00CD9322 /* fuse_file.h */; };
		5403C7D60ACA949D00CD9322 /* fuse_vfsops.c in Sources */ = {isa = PBXBuildFile; fileRef = 5403C7D20ACA949D00CD9322 /* fuse_vfsops.c */; };
		5403C7D70ACA949D00CD9322 /* fuse_vnops.c in Sources */ = {isa = PBXBuildFile; fileRef = 5403C7D30ACA949D00CD9322 /* fuse_vnops.c */; };
		5411E2EE0B2D644F00B8F324 /* fuse_locking.c in Sources */ = {isa = PBXBuildFile; fileRef = 5411E2EC0B2D644F00B8F324 /* fuse_locking.c */; };
		5411E2EF0B2D644F00B8F324 /* fuse_locking.h in Headers */ = {isa = PBXBuildFile; fileRef = 5411E2ED0B2D644F00B8F324 /* fuse_locking.h */; };
		5489083B0ACC7D1B00D891F8 /* fuse_sysctl.c in Sources */ = {isa = PBXBuildFile; fileRef = 548908390ACC7D1B00D891F8 /* fuse_sysctl.c */; };
		5489083C0ACC7D1B00D891F8 /* fuse_sysctl.h in Headers */ = {isa = PBXBuildFile; fileRef = 5489083A0ACC7D1B00D891F8 /* fuse_sysctl.h */; };
		548FDFF80B3202A80008D620 /* fuse_file.c in Sources */ = {isa = PBXBuildFile; fileRef = 548FDFF30B3202A80008D620 /* fuse_file.c */; };
		548FDFF90B3202A80008D620 /* fuse_internal.c in Sources */ = {isa = PBXBuildFile; fileRef = 548FDFF40B3202A80008D620 /* fuse_internal.c */; };
		548FDFFA0B3202A80008D620 /* fuse_internal.h in Headers */ = {isa = PBXBuildFile; fileRef = 548FDFF50B3202A80008D620 /* fuse_internal.h */; };
		548FDFFB0B3202A80008D620 /* fuse_vfsops.h in Headers */ = {isa = PBXBuildFile; fileRef = 548FDFF60B3202A80008D620 /* fuse_vfsops.h */; };
		548FDFFC0B3202A80008D620 /* fuse_vnops.h in Headers */ = {isa = PBXBuildFile; fileRef = 548FDFF70B3202A80008D620 /* fuse_vnops.h */; };
		548FE0400B322A540008D620 /* fuse_node.c in Sources */ = {isa = PBXBuildFile; fileRef = 548FE03F0B322A540008D620 /* fuse_node.c */; };
		5494A94C0ACA5C220020068B /* getmntopts.c in Sources */ = {isa = PBXBuildFile; fileRef = 5494A9490ACA5C220020068B /* getmntopts.c */; };
		5494A94D0ACA5C220020068B /* mount_fusefs.c in Sources */ = {isa = PBXBuildFile; fileRef = 5494A94B0ACA5C220020068B /* mount_fusefs.c */; };
		5494A95C0ACA5D3D0020068B /* fuse_mount.h in Headers */ = {isa = PBXBuildFile; fileRef = 5494A95A0ACA5D3D0020068B /* fuse_mount.h */; };
		5494A95D0ACA5D3D0020068B /* fuse_param.h in Headers */ = {isa = PBXBuildFile; fileRef = 5494A95B0ACA5D3D0020068B /* fuse_param.h */; };
		54BBC8F60B4C379500A17C8A /* DiskArbitration.framework in Frameworks */ = {isa = PBXBuildFile; fileRef = 54BBC8F50B4C379500A17C8A /* DiskArbitration.framework */; };
		54D47BC10B4F62A200A8FE1C /* load_fusefs.c in Sources */ = {isa = PBXBuildFile; fileRef = 54D47BC00B4F62A200A8FE1C /* load_fusefs.c */; };
/* End PBXBuildFile section */

/* Begin PBXFileReference section */
		089C167EFE841241C02AAC07 /* English */ = {isa = PBXFileReference; fileEncoding = 10; lastKnownFileType = text.plist.strings; name = English; path = English.lproj/InfoPlist.strings; sourceTree = "<group>"; };
		1A224C3CFF42312311CA2CB7 /* fuse_main.c */ = {isa = PBXFileReference; fileEncoding = 4; lastKnownFileType = sourcecode.c.c; path = fuse_main.c; sourceTree = "<group>"; };
		32A4FEC30562C75700D090E7 /* Info.plist */ = {isa = PBXFileReference; lastKnownFileType = text.xml; path = Info.plist; sourceTree = "<group>"; };
		32A4FEC40562C75800D090E7 /* fusefs.kext */ = {isa = PBXFileReference; explicitFileType = wrapper.cfbundle; includeInIndex = 0; path = fusefs.kext; sourceTree = BUILT_PRODUCTS_DIR; };
		54008CFD0B2F734700F90F14 /* fuse_version.h */ = {isa = PBXFileReference; fileEncoding = 30; lastKnownFileType = sourcecode.c.h; name = fuse_version.h; path = common/fuse_version.h; sourceTree = "<group>"; };
		5403C7940ACA636A00CD9322 /* fuse_kernel.h */ = {isa = PBXFileReference; fileEncoding = 30; lastKnownFileType = sourcecode.c.h; path = fuse_kernel.h; sourceTree = "<group>"; };
		5403C7980ACA640B00CD9322 /* fuse_nodehash.c */ = {isa = PBXFileReference; fileEncoding = 30; lastKnownFileType = sourcecode.c.c; path = fuse_nodehash.c; sourceTree = "<group>"; };
		5403C79A0ACA641900CD9322 /* fuse_nodehash.h */ = {isa = PBXFileReference; fileEncoding = 30; lastKnownFileType = sourcecode.c.h; path = fuse_nodehash.h; sourceTree = "<group>"; };
		5403C7AA0ACA679D00CD9322 /* fuse_device.c */ = {isa = PBXFileReference; fileEncoding = 30; lastKnownFileType = sourcecode.c.c; path = fuse_device.c; sourceTree = "<group>"; };
		5403C7AC0ACA711100CD9322 /* fuse_device.h */ = {isa = PBXFileReference; fileEncoding = 30; lastKnownFileType = sourcecode.c.h; path = fuse_device.h; sourceTree = "<group>"; };
		5403C7AE0ACA711B00CD9322 /* fuse.h */ = {isa = PBXFileReference; fileEncoding = 30; lastKnownFileType = sourcecode.c.h; path = fuse.h; sourceTree = "<group>"; };
		5403C7B00ACA85EC00CD9322 /* fuse_ipc.c */ = {isa = PBXFileReference; fileEncoding = 30; lastKnownFileType = sourcecode.c.c; path = fuse_ipc.c; sourceTree = "<group>"; };
		5403C7B10ACA85EC00CD9322 /* fuse_ipc.h */ = {isa = PBXFileReference; fileEncoding = 30; lastKnownFileType = sourcecode.c.h; path = fuse_ipc.h; sourceTree = "<group>"; };
		5403C7C20ACA8F5C00CD9322 /* fuse_node.h */ = {isa = PBXFileReference; fileEncoding = 30; lastKnownFileType = sourcecode.c.h; path = fuse_node.h; sourceTree = "<group>"; };
		5403C7D10ACA949D00CD9322 /* fuse_file.h */ = {isa = PBXFileReference; fileEncoding = 30; lastKnownFileType = sourcecode.c.h; path = fuse_file.h; sourceTree = "<group>"; };
		5403C7D20ACA949D00CD9322 /* fuse_vfsops.c */ = {isa = PBXFileReference; fileEncoding = 30; lastKnownFileType = sourcecode.c.c; path = fuse_vfsops.c; sourceTree = "<group>"; };
		5403C7D30ACA949D00CD9322 /* fuse_vnops.c */ = {isa = PBXFileReference; fileEncoding = 30; lastKnownFileType = sourcecode.c.c; path = fuse_vnops.c; sourceTree = "<group>"; };
		5411E2EC0B2D644F00B8F324 /* fuse_locking.c */ = {isa = PBXFileReference; fileEncoding = 30; lastKnownFileType = sourcecode.c.c; path = fuse_locking.c; sourceTree = "<group>"; };
		5411E2ED0B2D644F00B8F324 /* fuse_locking.h */ = {isa = PBXFileReference; fileEncoding = 30; lastKnownFileType = sourcecode.c.h; path = fuse_locking.h; sourceTree = "<group>"; };
		548908390ACC7D1B00D891F8 /* fuse_sysctl.c */ = {isa = PBXFileReference; fileEncoding = 30; lastKnownFileType = sourcecode.c.c; path = fuse_sysctl.c; sourceTree = "<group>"; };
		5489083A0ACC7D1B00D891F8 /* fuse_sysctl.h */ = {isa = PBXFileReference; fileEncoding = 30; lastKnownFileType = sourcecode.c.h; path = fuse_sysctl.h; sourceTree = "<group>"; };
		548FDFF30B3202A80008D620 /* fuse_file.c */ = {isa = PBXFileReference; fileEncoding = 30; lastKnownFileType = sourcecode.c.c; path = fuse_file.c; sourceTree = "<group>"; };
		548FDFF40B3202A80008D620 /* fuse_internal.c */ = {isa = PBXFileReference; fileEncoding = 30; lastKnownFileType = sourcecode.c.c; path = fuse_internal.c; sourceTree = "<group>"; };
		548FDFF50B3202A80008D620 /* fuse_internal.h */ = {isa = PBXFileReference; fileEncoding = 30; lastKnownFileType = sourcecode.c.h; path = fuse_internal.h; sourceTree = "<group>"; };
		548FDFF60B3202A80008D620 /* fuse_vfsops.h */ = {isa = PBXFileReference; fileEncoding = 30; lastKnownFileType = sourcecode.c.h; path = fuse_vfsops.h; sourceTree = "<group>"; };
		548FDFF70B3202A80008D620 /* fuse_vnops.h */ = {isa = PBXFileReference; fileEncoding = 30; lastKnownFileType = sourcecode.c.h; path = fuse_vnops.h; sourceTree = "<group>"; };
		548FE03F0B322A540008D620 /* fuse_node.c */ = {isa = PBXFileReference; fileEncoding = 30; lastKnownFileType = sourcecode.c.c; path = fuse_node.c; sourceTree = "<group>"; };
		5494A9420ACA5BF10020068B /* mount_fusefs */ = {isa = PBXFileReference; includeInIndex = 0; lastKnownFileType = "compiled.mach-o.executable"; path = mount_fusefs; sourceTree = BUILT_PRODUCTS_DIR; };
		5494A9490ACA5C220020068B /* getmntopts.c */ = {isa = PBXFileReference; fileEncoding = 30; lastKnownFileType = sourcecode.c.c; name = getmntopts.c; path = mount/getmntopts.c; sourceTree = "<group>"; };
		5494A94A0ACA5C220020068B /* mntopts.h */ = {isa = PBXFileReference; fileEncoding = 30; lastKnownFileType = sourcecode.c.h; name = mntopts.h; path = mount/mntopts.h; sourceTree = "<group>"; };
		5494A94B0ACA5C220020068B /* mount_fusefs.c */ = {isa = PBXFileReference; fileEncoding = 30; lastKnownFileType = sourcecode.c.c; name = mount_fusefs.c; path = mount/mount_fusefs.c; sourceTree = "<group>"; };
		5494A95A0ACA5D3D0020068B /* fuse_mount.h */ = {isa = PBXFileReference; fileEncoding = 30; lastKnownFileType = sourcecode.c.h; name = fuse_mount.h; path = common/fuse_mount.h; sourceTree = "<group>"; };
		5494A95B0ACA5D3D0020068B /* fuse_param.h */ = {isa = PBXFileReference; fileEncoding = 30; lastKnownFileType = sourcecode.c.h; name = fuse_param.h; path = common/fuse_param.h; sourceTree = "<group>"; };
		54BBC8F50B4C379500A17C8A /* DiskArbitration.framework */ = {isa = PBXFileReference; lastKnownFileType = wrapper.framework; name = DiskArbitration.framework; path = /System/Library/Frameworks/DiskArbitration.framework; sourceTree = "<absolute>"; };
		54D47B800B4F610000A8FE1C /* load_fusefs */ = {isa = PBXFileReference; explicitFileType = "compiled.mach-o.executable"; includeInIndex = 0; path = load_fusefs; sourceTree = BUILT_PRODUCTS_DIR; };
		54D47B930B4F614C00A8FE1C /* load */ = {isa = PBXFileReference; fileEncoding = 4; lastKnownFileType = folder; path = load; sourceTree = "<group>"; };
		54D47BB70B4F625000A8FE1C /* load_fusefs.c */ = {isa = PBXFileReference; fileEncoding = 30; lastKnownFileType = sourcecode.c.c; path = load_fusefs.c; sourceTree = "<group>"; };
		54D47BBC0B4F628200A8FE1C /* load_fusefs.c */ = {isa = PBXFileReference; fileEncoding = 30; lastKnownFileType = sourcecode.c.c; path = load_fusefs.c; sourceTree = "<group>"; };
		54D47BC00B4F62A200A8FE1C /* load_fusefs.c */ = {isa = PBXFileReference; fileEncoding = 30; lastKnownFileType = sourcecode.c.c; name = load_fusefs.c; path = load/load_fusefs.c; sourceTree = "<group>"; };
		D27513B306A6225300ADB3A4 /* Kernel.framework */ = {isa = PBXFileReference; lastKnownFileType = wrapper.framework; name = Kernel.framework; path = /System/Library/Frameworks/Kernel.framework; sourceTree = "<absolute>"; };
/* End PBXFileReference section */

/* Begin PBXFrameworksBuildPhase section */
		32A4FEBF0562C75700D090E7 /* Frameworks */ = {
			isa = PBXFrameworksBuildPhase;
			buildActionMask = 2147483647;
			files = (
			);
			runOnlyForDeploymentPostprocessing = 0;
		};
		5494A9400ACA5BF10020068B /* Frameworks */ = {
			isa = PBXFrameworksBuildPhase;
			buildActionMask = 2147483647;
			files = (
				54BBC8F60B4C379500A17C8A /* DiskArbitration.framework in Frameworks */,
			);
			runOnlyForDeploymentPostprocessing = 0;
		};
		54D47B7E0B4F610000A8FE1C /* Frameworks */ = {
			isa = PBXFrameworksBuildPhase;
			buildActionMask = 2147483647;
			files = (
			);
			runOnlyForDeploymentPostprocessing = 0;
		};
/* End PBXFrameworksBuildPhase section */

/* Begin PBXGroup section */
		089C166AFE841209C02AAC07 /* fusefs */ = {
			isa = PBXGroup;
			children = (
				54D47BC00B4F62A200A8FE1C /* load_fusefs.c */,
				54D47BBC0B4F628200A8FE1C /* load_fusefs.c */,
				54D47BB70B4F625000A8FE1C /* load_fusefs.c */,
				54BBC8F50B4C379500A17C8A /* DiskArbitration.framework */,
				548FE03F0B322A540008D620 /* fuse_node.c */,
				548FDFF30B3202A80008D620 /* fuse_file.c */,
				548FDFF40B3202A80008D620 /* fuse_internal.c */,
				54D47B930B4F614C00A8FE1C /* load */,
				548FDFF50B3202A80008D620 /* fuse_internal.h */,
				548FDFF60B3202A80008D620 /* fuse_vfsops.h */,
				548FDFF70B3202A80008D620 /* fuse_vnops.h */,
				54008CFD0B2F734700F90F14 /* fuse_version.h */,
				5411E2EC0B2D644F00B8F324 /* fuse_locking.c */,
				5411E2ED0B2D644F00B8F324 /* fuse_locking.h */,
				5403C7D10ACA949D00CD9322 /* fuse_file.h */,
				5403C7D20ACA949D00CD9322 /* fuse_vfsops.c */,
				5403C7D30ACA949D00CD9322 /* fuse_vnops.c */,
				5403C7C20ACA8F5C00CD9322 /* fuse_node.h */,
				5403C7B00ACA85EC00CD9322 /* fuse_ipc.c */,
				5403C7B10ACA85EC00CD9322 /* fuse_ipc.h */,
				5403C79A0ACA641900CD9322 /* fuse_nodehash.h */,
				5403C7980ACA640B00CD9322 /* fuse_nodehash.c */,
				5403C7940ACA636A00CD9322 /* fuse_kernel.h */,
				5494A95A0ACA5D3D0020068B /* fuse_mount.h */,
				5494A95B0ACA5D3D0020068B /* fuse_param.h */,
				5403C7AA0ACA679D00CD9322 /* fuse_device.c */,
				5403C7AE0ACA711B00CD9322 /* fuse.h */,
				5403C7AC0ACA711100CD9322 /* fuse_device.h */,
				5494A9490ACA5C220020068B /* getmntopts.c */,
				5494A94A0ACA5C220020068B /* mntopts.h */,
				5494A94B0ACA5C220020068B /* mount_fusefs.c */,
				247142CAFF3F8F9811CA285C /* Source */,
				089C167CFE841241C02AAC07 /* Resources */,
				D27513B306A6225300ADB3A4 /* Kernel.framework */,
				19C28FB6FE9D52B211CA2CBB /* Products */,
			);
			name = fusefs;
			sourceTree = "<group>";
		};
		089C167CFE841241C02AAC07 /* Resources */ = {
			isa = PBXGroup;
			children = (
				32A4FEC30562C75700D090E7 /* Info.plist */,
				089C167DFE841241C02AAC07 /* InfoPlist.strings */,
			);
			name = Resources;
			sourceTree = "<group>";
		};
		19C28FB6FE9D52B211CA2CBB /* Products */ = {
			isa = PBXGroup;
			children = (
				32A4FEC40562C75800D090E7 /* fusefs.kext */,
				5494A9420ACA5BF10020068B /* mount_fusefs */,
				54D47B800B4F610000A8FE1C /* load_fusefs */,
			);
			name = Products;
			sourceTree = "<group>";
		};
		247142CAFF3F8F9811CA285C /* Source */ = {
			isa = PBXGroup;
			children = (
				548908390ACC7D1B00D891F8 /* fuse_sysctl.c */,
				5489083A0ACC7D1B00D891F8 /* fuse_sysctl.h */,
				1A224C3CFF42312311CA2CB7 /* fuse_main.c */,
			);
			name = Source;
			sourceTree = "<group>";
		};
/* End PBXGroup section */

/* Begin PBXHeadersBuildPhase section */
		32A4FEBA0562C75700D090E7 /* Headers */ = {
			isa = PBXHeadersBuildPhase;
			buildActionMask = 2147483647;
			files = (
				5494A95C0ACA5D3D0020068B /* fuse_mount.h in Headers */,
				5494A95D0ACA5D3D0020068B /* fuse_param.h in Headers */,
				5403C7950ACA636A00CD9322 /* fuse_kernel.h in Headers */,
				5403C79B0ACA641900CD9322 /* fuse_nodehash.h in Headers */,
				5403C7AD0ACA711100CD9322 /* fuse_device.h in Headers */,
				5403C7AF0ACA711B00CD9322 /* fuse.h in Headers */,
				5403C7B30ACA85EC00CD9322 /* fuse_ipc.h in Headers */,
				5403C7C30ACA8F5C00CD9322 /* fuse_node.h in Headers */,
				5403C7D50ACA949D00CD9322 /* fuse_file.h in Headers */,
				5489083C0ACC7D1B00D891F8 /* fuse_sysctl.h in Headers */,
				5411E2EF0B2D644F00B8F324 /* fuse_locking.h in Headers */,
				54008CFE0B2F734700F90F14 /* fuse_version.h in Headers */,
				548FDFFA0B3202A80008D620 /* fuse_internal.h in Headers */,
				548FDFFB0B3202A80008D620 /* fuse_vfsops.h in Headers */,
				548FDFFC0B3202A80008D620 /* fuse_vnops.h in Headers */,
			);
			runOnlyForDeploymentPostprocessing = 0;
		};
/* End PBXHeadersBuildPhase section */

/* Begin PBXNativeTarget section */
		32A4FEB80562C75700D090E7 /* fusefs */ = {
			isa = PBXNativeTarget;
			buildConfigurationList = 1DEB91C308733DAC0010E9CD /* Build configuration list for PBXNativeTarget "fusefs" */;
			buildPhases = (
				32A4FEBA0562C75700D090E7 /* Headers */,
				32A4FEBB0562C75700D090E7 /* Resources */,
				32A4FEBD0562C75700D090E7 /* Sources */,
				32A4FEBF0562C75700D090E7 /* Frameworks */,
				32A4FEC00562C75700D090E7 /* Rez */,
			);
			buildRules = (
			);
			comments = "FUSE for Mac OS X (Kernel Extension)";
			dependencies = (
			);
			name = fusefs;
			productInstallPath = "$(SYSTEM_LIBRARY_DIR)/Extensions";
			productName = fusefs;
			productReference = 32A4FEC40562C75800D090E7 /* fusefs.kext */;
			productType = "com.apple.product-type.kernel-extension";
		};
		5494A9410ACA5BF10020068B /* mount_fusefs */ = {
			isa = PBXNativeTarget;
			buildConfigurationList = 5494A9460ACA5C050020068B /* Build configuration list for PBXNativeTarget "mount_fusefs" */;
			buildPhases = (
				5494A93F0ACA5BF10020068B /* Sources */,
				5494A9400ACA5BF10020068B /* Frameworks */,
			);
			buildRules = (
			);
			dependencies = (
			);
			name = mount_fusefs;
			productName = mount_fusefs;
			productReference = 5494A9420ACA5BF10020068B /* mount_fusefs */;
			productType = "com.apple.product-type.tool";
		};
		54D47B7F0B4F610000A8FE1C /* load_fusefs */ = {
			isa = PBXNativeTarget;
			buildConfigurationList = 54D47B900B4F614B00A8FE1C /* Build configuration list for PBXNativeTarget "load_fusefs" */;
			buildPhases = (
				54D47B7D0B4F610000A8FE1C /* Sources */,
				54D47B7E0B4F610000A8FE1C /* Frameworks */,
			);
			buildRules = (
			);
			dependencies = (
			);
			name = load_fusefs;
			productName = load_fusefs;
			productReference = 54D47B800B4F610000A8FE1C /* load_fusefs */;
			productType = "com.apple.product-type.tool";
		};
/* End PBXNativeTarget section */

/* Begin PBXProject section */
		089C1669FE841209C02AAC07 /* Project object */ = {
			isa = PBXProject;
			buildConfigurationList = 1DEB91C708733DAC0010E9CD /* Build configuration list for PBXProject "fusefs" */;
			hasScannedForEncodings = 1;
			mainGroup = 089C166AFE841209C02AAC07 /* fusefs */;
			projectDirPath = "";
			targets = (
				32A4FEB80562C75700D090E7 /* fusefs */,
				5494A9410ACA5BF10020068B /* mount_fusefs */,
				54D47B7F0B4F610000A8FE1C /* load_fusefs */,
			);
		};
/* End PBXProject section */

/* Begin PBXResourcesBuildPhase section */
		32A4FEBB0562C75700D090E7 /* Resources */ = {
			isa = PBXResourcesBuildPhase;
			buildActionMask = 2147483647;
			files = (
				32A4FEBC0562C75700D090E7 /* InfoPlist.strings in Resources */,
			);
			runOnlyForDeploymentPostprocessing = 0;
		};
/* End PBXResourcesBuildPhase section */

/* Begin PBXRezBuildPhase section */
		32A4FEC00562C75700D090E7 /* Rez */ = {
			isa = PBXRezBuildPhase;
			buildActionMask = 2147483647;
			files = (
			);
			runOnlyForDeploymentPostprocessing = 0;
		};
/* End PBXRezBuildPhase section */

/* Begin PBXSourcesBuildPhase section */
		32A4FEBD0562C75700D090E7 /* Sources */ = {
			isa = PBXSourcesBuildPhase;
			buildActionMask = 2147483647;
			files = (
				32A4FEBE0562C75700D090E7 /* fuse_main.c in Sources */,
				5403C7990ACA640B00CD9322 /* fuse_nodehash.c in Sources */,
				5403C7AB0ACA679D00CD9322 /* fuse_device.c in Sources */,
				5403C7B20ACA85EC00CD9322 /* fuse_ipc.c in Sources */,
				5403C7D60ACA949D00CD9322 /* fuse_vfsops.c in Sources */,
				5403C7D70ACA949D00CD9322 /* fuse_vnops.c in Sources */,
				5489083B0ACC7D1B00D891F8 /* fuse_sysctl.c in Sources */,
				5411E2EE0B2D644F00B8F324 /* fuse_locking.c in Sources */,
				548FDFF80B3202A80008D620 /* fuse_file.c in Sources */,
				548FDFF90B3202A80008D620 /* fuse_internal.c in Sources */,
				548FE0400B322A540008D620 /* fuse_node.c in Sources */,
			);
			runOnlyForDeploymentPostprocessing = 0;
		};
		5494A93F0ACA5BF10020068B /* Sources */ = {
			isa = PBXSourcesBuildPhase;
			buildActionMask = 2147483647;
			files = (
				5494A94C0ACA5C220020068B /* getmntopts.c in Sources */,
				5494A94D0ACA5C220020068B /* mount_fusefs.c in Sources */,
			);
			runOnlyForDeploymentPostprocessing = 0;
		};
		54D47B7D0B4F610000A8FE1C /* Sources */ = {
			isa = PBXSourcesBuildPhase;
			buildActionMask = 2147483647;
			files = (
				54D47BC10B4F62A200A8FE1C /* load_fusefs.c in Sources */,
			);
			runOnlyForDeploymentPostprocessing = 0;
		};
/* End PBXSourcesBuildPhase section */

/* Begin PBXVariantGroup section */
		089C167DFE841241C02AAC07 /* InfoPlist.strings */ = {
			isa = PBXVariantGroup;
			children = (
				089C167EFE841241C02AAC07 /* English */,
			);
			name = InfoPlist.strings;
			sourceTree = "<group>";
		};
/* End PBXVariantGroup section */

/* Begin XCBuildConfiguration section */
		1DEB91C408733DAC0010E9CD /* Debug */ = {
			isa = XCBuildConfiguration;
			buildSettings = {
				ARCHS = (
					i386,
					ppc,
				);
				COPY_PHASE_STRIP = NO;
				GCC_DYNAMIC_NO_PIC = NO;
				GCC_ENABLE_FIX_AND_CONTINUE = YES;
				GCC_MODEL_TUNING = G5;
				GCC_OPTIMIZATION_LEVEL = 0;
				INFOPLIST_FILE = Info.plist;
				INSTALL_PATH = "$(SYSTEM_LIBRARY_DIR)/Extensions";
				MODULE_NAME = com.yourcompany.kext.fusefs;
				MODULE_START = fusefs_start;
				MODULE_STOP = fusefs_stop;
				MODULE_VERSION = 1.0.0d1;
				OTHER_CFLAGS = (
					"$(inherited)",
					"-D__FreeBSD__=10",
				);
				PRODUCT_NAME = fusefs;
				WRAPPER_EXTENSION = kext;
				ZERO_LINK = YES;
			};
			name = Debug;
		};
		1DEB91C508733DAC0010E9CD /* Release */ = {
			isa = XCBuildConfiguration;
			buildSettings = {
				ARCHS = (
					i386,
					ppc,
				);
				GCC_GENERATE_DEBUGGING_SYMBOLS = NO;
				GCC_MODEL_TUNING = G5;
				INFOPLIST_FILE = Info.plist;
				INSTALL_PATH = "$(SYSTEM_LIBRARY_DIR)/Extensions";
				MODULE_NAME = com.yourcompany.kext.fusefs;
				MODULE_START = fusefs_start;
				MODULE_STOP = fusefs_stop;
				MODULE_VERSION = 1.0.0d1;
				OTHER_CFLAGS = (
					"$(inherited)",
					"-D__FreeBSD__=10",
				);
				PRODUCT_NAME = fusefs;
				WRAPPER_EXTENSION = kext;
			};
			name = Release;
		};
		1DEB91C808733DAC0010E9CD /* Debug */ = {
			isa = XCBuildConfiguration;
			buildSettings = {
				GCC_WARN_ABOUT_RETURN_TYPE = YES;
				GCC_WARN_UNUSED_VARIABLE = YES;
				PREBINDING = NO;
				SDKROOT = /Developer/SDKs/MacOSX10.4u.sdk;
			};
			name = Debug;
		};
		1DEB91C908733DAC0010E9CD /* Release */ = {
			isa = XCBuildConfiguration;
			buildSettings = {
				GCC_WARN_ABOUT_RETURN_TYPE = YES;
				GCC_WARN_UNUSED_VARIABLE = YES;
				PREBINDING = NO;
				SDKROOT = /Developer/SDKs/MacOSX10.4u.sdk;
			};
			name = Release;
		};
		5494A9470ACA5C050020068B /* Debug */ = {
			isa = XCBuildConfiguration;
			buildSettings = {
				ARCHS = (
					i386,
					ppc,
				);
				COPY_PHASE_STRIP = NO;
				GCC_DYNAMIC_NO_PIC = NO;
				GCC_ENABLE_FIX_AND_CONTINUE = YES;
				GCC_GENERATE_DEBUGGING_SYMBOLS = YES;
				GCC_MODEL_TUNING = G5;
				GCC_OPTIMIZATION_LEVEL = 0;
				INSTALL_PATH = "$(HOME)/bin";
				PREBINDING = NO;
				PRODUCT_NAME = mount_fusefs;
				ZERO_LINK = YES;
			};
			name = Debug;
		};
		5494A9480ACA5C050020068B /* Release */ = {
			isa = XCBuildConfiguration;
			buildSettings = {
				ARCHS = (
					i386,
					ppc,
				);
				COPY_PHASE_STRIP = YES;
				GCC_ENABLE_FIX_AND_CONTINUE = NO;
				GCC_GENERATE_DEBUGGING_SYMBOLS = NO;
				GCC_MODEL_TUNING = G5;
				INSTALL_PATH = "$(HOME)/bin";
				PREBINDING = NO;
				PRODUCT_NAME = mount_fusefs;
				ZERO_LINK = NO;
			};
			name = Release;
		};
		54D47B910B4F614B00A8FE1C /* Debug */ = {
			isa = XCBuildConfiguration;
			buildSettings = {
				ARCHS = (
					i386,
					ppc,
				);
				COPY_PHASE_STRIP = NO;
				GCC_DYNAMIC_NO_PIC = NO;
				GCC_ENABLE_FIX_AND_CONTINUE = YES;
				GCC_GENERATE_DEBUGGING_SYMBOLS = YES;
				GCC_MODEL_TUNING = G5;
				GCC_OPTIMIZATION_LEVEL = 0;
				INSTALL_PATH = "$(HOME)/bin";
				PREBINDING = NO;
				PRODUCT_NAME = load_fusefs;
				ZERO_LINK = YES;
			};
			name = Debug;
		};
		54D47B920B4F614B00A8FE1C /* Release */ = {
			isa = XCBuildConfiguration;
			buildSettings = {
				ARCHS = (
					i386,
					ppc,
				);
				COPY_PHASE_STRIP = YES;
				GCC_ENABLE_FIX_AND_CONTINUE = NO;
				GCC_GENERATE_DEBUGGING_SYMBOLS = NO;
				GCC_MODEL_TUNING = G5;
				INSTALL_PATH = "$(HOME)/bin";
				PREBINDING = NO;
				PRODUCT_NAME = load_fusefs;
				ZERO_LINK = NO;
			};
			name = Release;
		};
/* End XCBuildConfiguration section */

/* Begin XCConfigurationList section */
		1DEB91C308733DAC0010E9CD /* Build configuration list for PBXNativeTarget "fusefs" */ = {
			isa = XCConfigurationList;
			buildConfigurations = (
				1DEB91C408733DAC0010E9CD /* Debug */,
				1DEB91C508733DAC0010E9CD /* Release */,
			);
			defaultConfigurationIsVisible = 0;
			defaultConfigurationName = Release;
		};
		1DEB91C708733DAC0010E9CD /* Build configuration list for PBXProject "fusefs" */ = {
			isa = XCConfigurationList;
			buildConfigurations = (
				1DEB91C808733DAC0010E9CD /* Debug */,
				1DEB91C908733DAC0010E9CD /* Release */,
			);
			defaultConfigurationIsVisible = 0;
			defaultConfigurationName = Release;
		};
		5494A9460ACA5C050020068B /* Build configuration list for PBXNativeTarget "mount_fusefs" */ = {
			isa = XCConfigurationList;
			buildConfigurations = (
				5494A9470ACA5C050020068B /* Debug */,
				5494A9480ACA5C050020068B /* Release */,
			);
			defaultConfigurationIsVisible = 0;
			defaultConfigurationName = Release;
		};
		54D47B900B4F614B00A8FE1C /* Build configuration list for PBXNativeTarget "load_fusefs" */ = {
			isa = XCConfigurationList;
			buildConfigurations = (
				54D47B910B4F614B00A8FE1C /* Debug */,
				54D47B920B4F614B00A8FE1C /* Release */,
			);
			defaultConfigurationIsVisible = 0;
			defaultConfigurationName = Release;
		};
/* End XCConfigurationList section */
	};
	rootObject = 089C1669FE841209C02AAC07 /* Project object */;
}
