// !$*UTF8*$!
{
	archiveVersion = 1;
	classes = {
	};
	objectVersion = 42;
	objects = {

/* Begin PBXBuildFile section */
		7F36276E0B8521EE0020679E /* GTResourceFork.m in Sources */ = {isa = PBXBuildFile; fileRef = 7F3627650B8521EE0020679E /* GTResourceFork.m */; };
		7F3627710B8521EE0020679E /* IconFamily.m in Sources */ = {isa = PBXBuildFile; fileRef = 7F36276B0B8521EE0020679E /* IconFamily.m */; };
		7F3627720B8521EE0020679E /* NSString+CarbonFSRefCreation.m in Sources */ = {isa = PBXBuildFile; fileRef = 7F36276D0B8521EE0020679E /* NSString+CarbonFSRefCreation.m */; };
		7F3DBDBE0B44302F00A48059 /* Carbon.framework in Frameworks */ = {isa = PBXBuildFile; fileRef = 7F8221370B3606FC0015E567 /* Carbon.framework */; };
		7F3DBDBF0B44303000A48059 /* Cocoa.framework in Frameworks */ = {isa = PBXBuildFile; fileRef = 7F8221300B3606F10015E567 /* Cocoa.framework */; };
		7F3DBDC00B44303100A48059 /* Foundation.framework in Frameworks */ = {isa = PBXBuildFile; fileRef = 08FB779EFE84155DC02AAC07 /* Foundation.framework */; };
		7F3DBDC10B44303200A48059 /* libfuse.dylib in Frameworks */ = {isa = PBXBuildFile; fileRef = 7F72D5120B27A73D0062C963 /* libfuse.dylib */; };
		7F71EBF60B4D7AB8008CA16B /* Fuse.icns in Resources */ = {isa = PBXBuildFile; fileRef = 7F71EBF40B4D7AB8008CA16B /* Fuse.icns */; };
		7F71EBF70B4D7AB8008CA16B /* MainMenu.nib in Resources */ = {isa = PBXBuildFile; fileRef = 7F71EBF50B4D7AB8008CA16B /* MainMenu.nib */; };
		7F745C9F0B4483B00050FC78 /* DiskArbitration.framework in Frameworks */ = {isa = PBXBuildFile; fileRef = 7F745C9E0B4483B00050FC78 /* DiskArbitration.framework */; };
		7F74EF2D0B4C1BEC00CFA0C0 /* HelloFuseFileSystem.m in Sources */ = {isa = PBXBuildFile; fileRef = 7F74EF2C0B4C1BEC00CFA0C0 /* HelloFuseFileSystem.m */; };
		7F74EF7D0B4C1F4800CFA0C0 /* hellodoc.icns in Resources */ = {isa = PBXBuildFile; fileRef = 7F74EF7C0B4C1F4800CFA0C0 /* hellodoc.icns */; };
		7FEAC1D10B446B70008EF420 /* FUSEFileSystem.m in Sources */ = {isa = PBXBuildFile; fileRef = 7FEAC1C50B446B70008EF420 /* FUSEFileSystem.m */; };
		7FEAC1D30B446B70008EF420 /* FUSEMain.m in Sources */ = {isa = PBXBuildFile; fileRef = 7FEAC1C80B446B70008EF420 /* FUSEMain.m */; };
/* End PBXBuildFile section */

/* Begin PBXFileReference section */
		08FB779EFE84155DC02AAC07 /* Foundation.framework */ = {isa = PBXFileReference; lastKnownFileType = wrapper.framework; name = Foundation.framework; path = /System/Library/Frameworks/Foundation.framework; sourceTree = "<absolute>"; };
		32A70AAB03705E1F00C91783 /* HelloFuse_Prefix.pch */ = {isa = PBXFileReference; fileEncoding = 4; lastKnownFileType = sourcecode.c.h; path = HelloFuse_Prefix.pch; sourceTree = "<group>"; };
		7F3627640B8521EE0020679E /* GTResourceFork.h */ = {isa = PBXFileReference; fileEncoding = 30; lastKnownFileType = sourcecode.c.h; path = GTResourceFork.h; sourceTree = "<group>"; };
		7F3627650B8521EE0020679E /* GTResourceFork.m */ = {isa = PBXFileReference; fileEncoding = 30; lastKnownFileType = sourcecode.c.objc; path = GTResourceFork.m; sourceTree = "<group>"; };
		7F36276A0B8521EE0020679E /* IconFamily.h */ = {isa = PBXFileReference; fileEncoding = 30; lastKnownFileType = sourcecode.c.h; path = IconFamily.h; sourceTree = "<group>"; };
		7F36276B0B8521EE0020679E /* IconFamily.m */ = {isa = PBXFileReference; fileEncoding = 30; lastKnownFileType = sourcecode.c.objc; path = IconFamily.m; sourceTree = "<group>"; };
		7F36276C0B8521EE0020679E /* NSString+CarbonFSRefCreation.h */ = {isa = PBXFileReference; fileEncoding = 30; lastKnownFileType = sourcecode.c.h; path = "NSString+CarbonFSRefCreation.h"; sourceTree = "<group>"; };
		7F36276D0B8521EE0020679E /* NSString+CarbonFSRefCreation.m */ = {isa = PBXFileReference; fileEncoding = 30; lastKnownFileType = sourcecode.c.objc; path = "NSString+CarbonFSRefCreation.m"; sourceTree = "<group>"; };
		7F3DBD050B4422C200A48059 /* HelloFuse.app */ = {isa = PBXFileReference; explicitFileType = wrapper.application; includeInIndex = 0; path = HelloFuse.app; sourceTree = BUILT_PRODUCTS_DIR; };
		7F3DBD070B4422C200A48059 /* Info.plist */ = {isa = PBXFileReference; lastKnownFileType = text.xml; path = Info.plist; sourceTree = "<group>"; };
		7F71EBF40B4D7AB8008CA16B /* Fuse.icns */ = {isa = PBXFileReference; lastKnownFileType = image.icns; path = Fuse.icns; sourceTree = "<group>"; };
		7F71EBF50B4D7AB8008CA16B /* MainMenu.nib */ = {isa = PBXFileReference; lastKnownFileType = wrapper.nib; path = MainMenu.nib; sourceTree = "<group>"; };
		7F72D5120B27A73D0062C963 /* libfuse.dylib */ = {isa = PBXFileReference; lastKnownFileType = "compiled.mach-o.dylib"; name = libfuse.dylib; path = /usr/local/lib/libfuse.dylib; sourceTree = "<absolute>"; };
		7F72D51B0B27A7550062C963 /* fuse.h */ = {isa = PBXFileReference; fileEncoding = 30; lastKnownFileType = sourcecode.c.h; name = fuse.h; path = /usr/local/include/fuse.h; sourceTree = "<absolute>"; };
		7F745C9E0B4483B00050FC78 /* DiskArbitration.framework */ = {isa = PBXFileReference; lastKnownFileType = wrapper.framework; name = DiskArbitration.framework; path = /System/Library/Frameworks/DiskArbitration.framework; sourceTree = "<absolute>"; };
		7F74EF2B0B4C1BEC00CFA0C0 /* HelloFuseFileSystem.h */ = {isa = PBXFileReference; fileEncoding = 30; lastKnownFileType = sourcecode.c.h; path = HelloFuseFileSystem.h; sourceTree = "<group>"; };
		7F74EF2C0B4C1BEC00CFA0C0 /* HelloFuseFileSystem.m */ = {isa = PBXFileReference; fileEncoding = 30; lastKnownFileType = sourcecode.c.objc; path = HelloFuseFileSystem.m; sourceTree = "<group>"; };
		7F74EF7C0B4C1F4800CFA0C0 /* hellodoc.icns */ = {isa = PBXFileReference; lastKnownFileType = image.icns; path = hellodoc.icns; sourceTree = "<group>"; };
		7F8221300B3606F10015E567 /* Cocoa.framework */ = {isa = PBXFileReference; lastKnownFileType = wrapper.framework; name = Cocoa.framework; path = /System/Library/Frameworks/Cocoa.framework; sourceTree = "<absolute>"; };
		7F8221370B3606FC0015E567 /* Carbon.framework */ = {isa = PBXFileReference; lastKnownFileType = wrapper.framework; name = Carbon.framework; path = /System/Library/Frameworks/Carbon.framework; sourceTree = "<absolute>"; };
		7FEAC1C40B446B70008EF420 /* FUSEFileSystem.h */ = {isa = PBXFileReference; fileEncoding = 30; lastKnownFileType = sourcecode.c.h; path = FUSEFileSystem.h; sourceTree = "<group>"; };
		7FEAC1C50B446B70008EF420 /* FUSEFileSystem.m */ = {isa = PBXFileReference; fileEncoding = 30; lastKnownFileType = sourcecode.c.objc; path = FUSEFileSystem.m; sourceTree = "<group>"; };
		7FEAC1C80B446B70008EF420 /* FUSEMain.m */ = {isa = PBXFileReference; fileEncoding = 30; lastKnownFileType = sourcecode.c.objc; path = FUSEMain.m; sourceTree = "<group>"; };
/* End PBXFileReference section */

/* Begin PBXFrameworksBuildPhase section */
		7F3DBD030B4422C200A48059 /* Frameworks */ = {
			isa = PBXFrameworksBuildPhase;
			buildActionMask = 2147483647;
			files = (
				7F3DBDBE0B44302F00A48059 /* Carbon.framework in Frameworks */,
				7F3DBDBF0B44303000A48059 /* Cocoa.framework in Frameworks */,
				7F3DBDC00B44303100A48059 /* Foundation.framework in Frameworks */,
				7F3DBDC10B44303200A48059 /* libfuse.dylib in Frameworks */,
				7F745C9F0B4483B00050FC78 /* DiskArbitration.framework in Frameworks */,
			);
			runOnlyForDeploymentPostprocessing = 0;
		};
/* End PBXFrameworksBuildPhase section */

/* Begin PBXGroup section */
		08FB7794FE84155DC02AAC07 /* QSFuse */ = {
			isa = PBXGroup;
			children = (
				08FB7795FE84155DC02AAC07 /* Source */,
				7FEA82C10B456A36001441DE /* Resources */,
				7FEAC1C30B446B70008EF420 /* FuseObjC */,
				08FB779DFE84155DC02AAC07 /* External Frameworks and Libraries */,
				1AB674ADFE9D54B511CA2CBB /* Products */,
			);
			name = QSFuse;
			sourceTree = "<group>";
		};
		08FB7795FE84155DC02AAC07 /* Source */ = {
			isa = PBXGroup;
			children = (
				7F72D51B0B27A7550062C963 /* fuse.h */,
				32A70AAB03705E1F00C91783 /* HelloFuse_Prefix.pch */,
				7F74EF2B0B4C1BEC00CFA0C0 /* HelloFuseFileSystem.h */,
				7F74EF2C0B4C1BEC00CFA0C0 /* HelloFuseFileSystem.m */,
				7F3DBD070B4422C200A48059 /* Info.plist */,
			);
			name = Source;
			sourceTree = "<group>";
		};
		08FB779DFE84155DC02AAC07 /* External Frameworks and Libraries */ = {
			isa = PBXGroup;
			children = (
				7F745C9E0B4483B00050FC78 /* DiskArbitration.framework */,
				7F72D5120B27A73D0062C963 /* libfuse.dylib */,
				7F8221370B3606FC0015E567 /* Carbon.framework */,
				7F8221300B3606F10015E567 /* Cocoa.framework */,
				08FB779EFE84155DC02AAC07 /* Foundation.framework */,
			);
			name = "External Frameworks and Libraries";
			sourceTree = "<group>";
		};
		1AB674ADFE9D54B511CA2CBB /* Products */ = {
			isa = PBXGroup;
			children = (
				7F3DBD050B4422C200A48059 /* HelloFuse.app */,
			);
			name = Products;
			sourceTree = "<group>";
		};
		7F3627620B8521EE0020679E /* external */ = {
			isa = PBXGroup;
			children = (
				7F3627630B8521EE0020679E /* GTResourceFork */,
				7F3627660B8521EE0020679E /* IconFamily */,
			);
			name = external;
			path = ../FUSEObjC/external;
			sourceTree = SOURCE_ROOT;
		};
		7F3627630B8521EE0020679E /* GTResourceFork */ = {
			isa = PBXGroup;
			children = (
				7F3627640B8521EE0020679E /* GTResourceFork.h */,
				7F3627650B8521EE0020679E /* GTResourceFork.m */,
			);
			path = GTResourceFork;
			sourceTree = "<group>";
		};
		7F3627660B8521EE0020679E /* IconFamily */ = {
			isa = PBXGroup;
			children = (
				7F36276A0B8521EE0020679E /* IconFamily.h */,
				7F36276B0B8521EE0020679E /* IconFamily.m */,
				7F36276C0B8521EE0020679E /* NSString+CarbonFSRefCreation.h */,
				7F36276D0B8521EE0020679E /* NSString+CarbonFSRefCreation.m */,
			);
			path = IconFamily;
			sourceTree = "<group>";
		};
		7F71EBF30B4D7AB8008CA16B /* Resources */ = {
			isa = PBXGroup;
			children = (
				7F71EBF40B4D7AB8008CA16B /* Fuse.icns */,
				7F71EBF50B4D7AB8008CA16B /* MainMenu.nib */,
			);
			path = Resources;
			sourceTree = "<group>";
		};
		7FEA82C10B456A36001441DE /* Resources */ = {
			isa = PBXGroup;
			children = (
				7F74EF7C0B4C1F4800CFA0C0 /* hellodoc.icns */,
			);
			path = Resources;
			sourceTree = "<group>";
		};
		7FEAC1C30B446B70008EF420 /* FuseObjC */ = {
			isa = PBXGroup;
			children = (
				7FEAC1C80B446B70008EF420 /* FUSEMain.m */,
				7FEAC1C40B446B70008EF420 /* FUSEFileSystem.h */,
				7FEAC1C50B446B70008EF420 /* FUSEFileSystem.m */,
				7F71EBF30B4D7AB8008CA16B /* Resources */,
				7F3627620B8521EE0020679E /* external */,
			);
			name = FuseObjC;
			path = ../FuseObjC;
			sourceTree = SOURCE_ROOT;
		};
/* End PBXGroup section */

/* Begin PBXNativeTarget section */
		7F3DBD040B4422C200A48059 /* HelloFuse */ = {
			isa = PBXNativeTarget;
			buildConfigurationList = 7F3DBD080B4422C300A48059 /* Build configuration list for PBXNativeTarget "HelloFuse" */;
			buildPhases = (
				7F3DBE0B0B44325A00A48059 /* ShellScript */,
				7F3DBD010B4422C200A48059 /* Resources */,
				7F3DBD020B4422C200A48059 /* Sources */,
				7F3DBD030B4422C200A48059 /* Frameworks */,
			);
			buildRules = (
			);
			dependencies = (
			);
			name = HelloFuse;
			productName = "Google Docs FS";
			productReference = 7F3DBD050B4422C200A48059 /* HelloFuse.app */;
			productType = "com.apple.product-type.application";
		};
/* End PBXNativeTarget section */

/* Begin PBXProject section */
		08FB7793FE84155DC02AAC07 /* Project object */ = {
			isa = PBXProject;
			buildConfigurationList = 1DEB927808733DD40010E9CD /* Build configuration list for PBXProject "HelloFuse" */;
			hasScannedForEncodings = 1;
			mainGroup = 08FB7794FE84155DC02AAC07 /* QSFuse */;
			projectDirPath = "";
			targets = (
				7F3DBD040B4422C200A48059 /* HelloFuse */,
			);
		};
/* End PBXProject section */

/* Begin PBXResourcesBuildPhase section */
		7F3DBD010B4422C200A48059 /* Resources */ = {
			isa = PBXResourcesBuildPhase;
			buildActionMask = 2147483647;
			files = (
				7F74EF7D0B4C1F4800CFA0C0 /* hellodoc.icns in Resources */,
				7F71EBF60B4D7AB8008CA16B /* Fuse.icns in Resources */,
				7F71EBF70B4D7AB8008CA16B /* MainMenu.nib in Resources */,
			);
			runOnlyForDeploymentPostprocessing = 0;
		};
/* End PBXResourcesBuildPhase section */

/* Begin PBXShellScriptBuildPhase section */
		7F3DBE0B0B44325A00A48059 /* ShellScript */ = {
			isa = PBXShellScriptBuildPhase;
			buildActionMask = 2147483647;
			files = (
			);
			inputPaths = (
			);
			outputPaths = (
			);
			runOnlyForDeploymentPostprocessing = 0;
			shellPath = /bin/sh;
			shellScript = "umount /Volumes/Hello\nmkdir -p /Volumes/Hello\nexit 0";
		};
/* End PBXShellScriptBuildPhase section */

/* Begin PBXSourcesBuildPhase section */
		7F3DBD020B4422C200A48059 /* Sources */ = {
			isa = PBXSourcesBuildPhase;
			buildActionMask = 2147483647;
			files = (
				7FEAC1D10B446B70008EF420 /* FUSEFileSystem.m in Sources */,
				7FEAC1D30B446B70008EF420 /* FUSEMain.m in Sources */,
				7F74EF2D0B4C1BEC00CFA0C0 /* HelloFuseFileSystem.m in Sources */,
				7F36276E0B8521EE0020679E /* GTResourceFork.m in Sources */,
				7F3627710B8521EE0020679E /* IconFamily.m in Sources */,
				7F3627720B8521EE0020679E /* NSString+CarbonFSRefCreation.m in Sources */,
			);
			runOnlyForDeploymentPostprocessing = 0;
		};
/* End PBXSourcesBuildPhase section */

/* Begin XCBuildConfiguration section */
		1DEB927908733DD40010E9CD /* Debug */ = {
			isa = XCBuildConfiguration;
			buildSettings = {
				GCC_ENABLE_OBJC_EXCEPTIONS = YES;
				GCC_TREAT_WARNINGS_AS_ERRORS = YES;
				GCC_WARN_ABOUT_RETURN_TYPE = YES;
				GCC_WARN_UNUSED_VARIABLE = YES;
				LIBRARY_SEARCH_PATHS = /usr/local/lib;
				MOUNT_POINT = /tmp/docsfs;
				OTHER_CFLAGS = (
					"$(inherited)",
					"-lfuse",
					"-D_FILE_OFFSET_BITS=64",
					"-std=c99",
				);
				PREBINDING = NO;
				SDKROOT = /Developer/SDKs/MacOSX10.4u.sdk;
			};
			name = Debug;
		};
		1DEB927A08733DD40010E9CD /* Release */ = {
			isa = XCBuildConfiguration;
			buildSettings = {
				GCC_ENABLE_OBJC_EXCEPTIONS = YES;
				GCC_TREAT_WARNINGS_AS_ERRORS = YES;
				GCC_WARN_ABOUT_RETURN_TYPE = YES;
				GCC_WARN_UNUSED_VARIABLE = YES;
				LIBRARY_SEARCH_PATHS = /usr/local/lib;
				MOUNT_POINT = /tmp/docsfs;
				OTHER_CFLAGS = (
					"$(inherited)",
					"-lfuse",
					"-D_FILE_OFFSET_BITS=64",
					"-std=c99",
				);
				PREBINDING = NO;
				SDKROOT = /Developer/SDKs/MacOSX10.4u.sdk;
			};
			name = Release;
		};
		7F3DBD090B4422C300A48059 /* Debug */ = {
			isa = XCBuildConfiguration;
			buildSettings = {
				COPY_PHASE_STRIP = NO;
				GCC_DYNAMIC_NO_PIC = NO;
				GCC_GENERATE_DEBUGGING_SYMBOLS = YES;
				GCC_MODEL_TUNING = G5;
				GCC_OPTIMIZATION_LEVEL = 0;
				GCC_PRECOMPILE_PREFIX_HEADER = YES;
				GCC_PREFIX_HEADER = "$(SYSTEM_LIBRARY_DIR)/Frameworks/AppKit.framework/Headers/AppKit.h";
				INFOPLIST_FILE = Info.plist;
				INSTALL_PATH = "$(HOME)/Applications";
				OTHER_LDFLAGS = (
					"-framework",
					Foundation,
					"-framework",
					AppKit,
				);
				PREBINDING = NO;
				PRODUCT_NAME = HelloFuse;
				WRAPPER_EXTENSION = app;
			};
			name = Debug;
		};
		7F3DBD0A0B4422C300A48059 /* Release */ = {
			isa = XCBuildConfiguration;
			buildSettings = {
				COPY_PHASE_STRIP = YES;
				GCC_ENABLE_FIX_AND_CONTINUE = NO;
				GCC_GENERATE_DEBUGGING_SYMBOLS = NO;
				GCC_MODEL_TUNING = G5;
				GCC_PRECOMPILE_PREFIX_HEADER = YES;
				GCC_PREFIX_HEADER = "$(SYSTEM_LIBRARY_DIR)/Frameworks/AppKit.framework/Headers/AppKit.h";
				INFOPLIST_FILE = Info.plist;
				INSTALL_PATH = "$(HOME)/Applications";
				OTHER_LDFLAGS = (
					"-framework",
					Foundation,
					"-framework",
					AppKit,
				);
				PREBINDING = NO;
				PRODUCT_NAME = HelloFuse;
				WRAPPER_EXTENSION = app;
				ZERO_LINK = NO;
			};
			name = Release;
		};
/* End XCBuildConfiguration section */

/* Begin XCConfigurationList section */
		1DEB927808733DD40010E9CD /* Build configuration list for PBXProject "HelloFuse" */ = {
			isa = XCConfigurationList;
			buildConfigurations = (
				1DEB927908733DD40010E9CD /* Debug */,
				1DEB927A08733DD40010E9CD /* Release */,
			);
			defaultConfigurationIsVisible = 0;
			defaultConfigurationName = Release;
		};
		7F3DBD080B4422C300A48059 /* Build configuration list for PBXNativeTarget "HelloFuse" */ = {
			isa = XCConfigurationList;
			buildConfigurations = (
				7F3DBD090B4422C300A48059 /* Debug */,
				7F3DBD0A0B4422C300A48059 /* Release */,
			);
			defaultConfigurationIsVisible = 0;
			defaultConfigurationName = Release;
		};
/* End XCConfigurationList section */
	};
	rootObject = 08FB7793FE84155DC02AAC07 /* Project object */;
}
